
Microsoft Visual Studio Solution File, Format Version 12.00
# Visual Studio 14
VisualStudioVersion = 14.0.25420.1
MinimumVisualStudioVersion = 10.0.40219.1
Project("{FAE04EC0-301F-11D3-BF4B-00C04F79EFBC}") = "HasteClientLib", "HasteClientLib\HasteClientLib.csproj", "{486AE091-8784-4D9B-AE6C-3F0D12E43A92}"
EndProject
Project("{FAE04EC0-301F-11D3-BF4B-00C04F79EFBC}") = "HasteClientLib.Test", "HasteClientLibTest\HasteClientLib.Test.csproj", "{15D884AC-A229-49A4-972B-A86D0CCF18E8}"
EndProject
Project("{2150E333-8FDC-42A3-9474-1A3956D46DE8}") = "Examples", "Examples", "{2EC55C1F-FE3D-468A-B553-C746F209C6CD}"
EndProject
Project("{FAE04EC0-301F-11D3-BF4B-00C04F79EFBC}") = "Haste.EchoClient", "Examples\Haste.EchoClient\Haste.EchoClient.csproj", "{C133C47B-3452-40A4-A13A-E84D70731F44}"
EndProject
Global
	GlobalSection(SolutionConfigurationPlatforms) = preSolution
		Debug|Any CPU = Debug|Any CPU
		Release|Any CPU = Release|Any CPU
	EndGlobalSection
	GlobalSection(ProjectConfigurationPlatforms) = postSolution
		{486AE091-8784-4D9B-AE6C-3F0D12E43A92}.Debug|Any CPU.ActiveCfg = Debug|Any CPU
		{486AE091-8784-4D9B-AE6C-3F0D12E43A92}.Debug|Any CPU.Build.0 = Debug|Any CPU
		{486AE091-8784-4D9B-AE6C-3F0D12E43A92}.Release|Any CPU.ActiveCfg = Release|Any CPU
		{486AE091-8784-4D9B-AE6C-3F0D12E43A92}.Release|Any CPU.Build.0 = Release|Any CPU
		{15D884AC-A229-49A4-972B-A86D0CCF18E8}.Debug|Any CPU.ActiveCfg = Debug|Any CPU
		{15D884AC-A229-49A4-972B-A86D0CCF18E8}.Debug|Any CPU.Build.0 = Debug|Any CPU
		{15D884AC-A229-49A4-972B-A86D0CCF18E8}.Release|Any CPU.ActiveCfg = Release|Any CPU
		{15D884AC-A229-49A4-972B-A86D0CCF18E8}.Release|Any CPU.Build.0 = Release|Any CPU
		{C133C47B-3452-40A4-A13A-E84D70731F44}.Debug|Any CPU.ActiveCfg = Debug|Any CPU
		{C133C47B-3452-40A4-A13A-E84D70731F44}.Debug|Any CPU.Build.0 = Debug|Any CPU
		{C133C47B-3452-40A4-A13A-E84D70731F44}.Release|Any CPU.ActiveCfg = Release|Any CPU
		{C133C47B-3452-40A4-A13A-E84D70731F44}.Release|Any CPU.Build.0 = Release|Any CPU
	EndGlobalSection
	GlobalSection(SolutionProperties) = preSolution
		HideSolutionNode = FALSE
	EndGlobalSection
	GlobalSection(NestedProjects) = preSolution
		{C133C47B-3452-40A4-A13A-E84D70731F44} = {2EC55C1F-FE3D-468A-B553-C746F209C6CD}
	EndGlobalSection
EndGlobal
